// !$*UTF8*$!
{
	archiveVersion = 1;
	classes = {
	};
	objectVersion = 46;
	objects = {

/* Begin PBXBuildFile section */
		5F2C09BB1ACBED5F00508897 /* AltitudeDataManager.h in CopyFiles */ = {isa = PBXBuildFile; fileRef = 5F2C09BA1ACBED5F00508897 /* AltitudeDataManager.h */; };
		5F2C09BD1ACBED5F00508897 /* AltitudeDataManager.m in Sources */ = {isa = PBXBuildFile; fileRef = 5F2C09BC1ACBED5F00508897 /* AltitudeDataManager.m */; };
		5F2C09C31ACBED5F00508897 /* libAltitudeDataManager.a in Frameworks */ = {isa = PBXBuildFile; fileRef = 5F2C09B71ACBED5F00508897 /* libAltitudeDataManager.a */; };
		5FC48C511ACBF5BA00D4452A /* CoreMotion.framework in Frameworks */ = {isa = PBXBuildFile; fileRef = 5FC48C501ACBF5BA00D4452A /* CoreMotion.framework */; };
		5FC48C541ACBF62500D4452A /* Foundation.framework in Frameworks */ = {isa = PBXBuildFile; fileRef = 5FC48C531ACBF62500D4452A /* Foundation.framework */; };
/* End PBXBuildFile section */

/* Begin PBXContainerItemProxy section */
		5F2C09C41ACBED5F00508897 /* PBXContainerItemProxy */ = {
			isa = PBXContainerItemProxy;
			containerPortal = 5F2C09AF1ACBED5F00508897 /* Project object */;
			proxyType = 1;
			remoteGlobalIDString = 5F2C09B61ACBED5F00508897;
			remoteInfo = AltitudeDataManager;
		};
/* End PBXContainerItemProxy section */

/* Begin PBXCopyFilesBuildPhase section */
		5F2C09B51ACBED5F00508897 /* CopyFiles */ = {
			isa = PBXCopyFilesBuildPhase;
			buildActionMask = 2147483647;
			dstPath = "include/$(PRODUCT_NAME)";
			dstSubfolderSpec = 16;
			files = (
				5F2C09BB1ACBED5F00508897 /* AltitudeDataManager.h in CopyFiles */,
			);
			runOnlyForDeploymentPostprocessing = 0;
		};
/* End PBXCopyFilesBuildPhase section */

/* Begin PBXFileReference section */
		5F2C09B71ACBED5F00508897 /* libAltitudeDataManager.a */ = {isa = PBXFileReference; explicitFileType = archive.ar; includeInIndex = 0; path = libAltitudeDataManager.a; sourceTree = BUILT_PRODUCTS_DIR; };
		5F2C09BA1ACBED5F00508897 /* AltitudeDataManager.h */ = {isa = PBXFileReference; lastKnownFileType = sourcecode.c.h; path = AltitudeDataManager.h; sourceTree = "<group>"; };
		5F2C09BC1ACBED5F00508897 /* AltitudeDataManager.m */ = {isa = PBXFileReference; lastKnownFileType = sourcecode.c.objc; path = AltitudeDataManager.m; sourceTree = "<group>"; };
		5F2C09C21ACBED5F00508897 /* AltitudeDataManagerTests.xctest */ = {isa = PBXFileReference; explicitFileType = wrapper.cfbundle; includeInIndex = 0; path = AltitudeDataManagerTests.xctest; sourceTree = BUILT_PRODUCTS_DIR; };
		5F2C09C81ACBED5F00508897 /* Info.plist */ = {isa = PBXFileReference; lastKnownFileType = text.plist.xml; path = Info.plist; sourceTree = "<group>"; };
		5FC48C501ACBF5BA00D4452A /* CoreMotion.framework */ = {isa = PBXFileReference; lastKnownFileType = wrapper.framework; name = CoreMotion.framework; path = System/Library/Frameworks/CoreMotion.framework; sourceTree = SDKROOT; };
		5FC48C531ACBF62500D4452A /* Foundation.framework */ = {isa = PBXFileReference; lastKnownFileType = wrapper.framework; name = Foundation.framework; path = System/Library/Frameworks/Foundation.framework; sourceTree = SDKROOT; };
/* End PBXFileReference section */

/* Begin PBXFrameworksBuildPhase section */
		5F2C09B41ACBED5F00508897 /* Frameworks */ = {
			isa = PBXFrameworksBuildPhase;
			buildActionMask = 2147483647;
			files = (
				5FC48C541ACBF62500D4452A /* Foundation.framework in Frameworks */,
				5FC48C511ACBF5BA00D4452A /* CoreMotion.framework in Frameworks */,
			);
			runOnlyForDeploymentPostprocessing = 0;
		};
		5F2C09BF1ACBED5F00508897 /* Frameworks */ = {
			isa = PBXFrameworksBuildPhase;
			buildActionMask = 2147483647;
			files = (
				5F2C09C31ACBED5F00508897 /* libAltitudeDataManager.a in Frameworks */,
			);
			runOnlyForDeploymentPostprocessing = 0;
		};
/* End PBXFrameworksBuildPhase section */

/* Begin PBXGroup section */
		5F2C09AE1ACBED5F00508897 = {
			isa = PBXGroup;
			children = (
				5FC48C521ACBF5BF00D4452A /* Frameworks */,
				5F2C09B91ACBED5F00508897 /* AltitudeDataManager */,
				5F2C09C61ACBED5F00508897 /* AltitudeDataManagerTests */,
				5F2C09B81ACBED5F00508897 /* Products */,
			);
			sourceTree = "<group>";
		};
		5F2C09B81ACBED5F00508897 /* Products */ = {
			isa = PBXGroup;
			children = (
				5F2C09B71ACBED5F00508897 /* libAltitudeDataManager.a */,
				5F2C09C21ACBED5F00508897 /* AltitudeDataManagerTests.xctest */,
			);
			name = Products;
			sourceTree = "<group>";
		};
		5F2C09B91ACBED5F00508897 /* AltitudeDataManager */ = {
			isa = PBXGroup;
			children = (
				5F2C09BA1ACBED5F00508897 /* AltitudeDataManager.h */,
				5F2C09BC1ACBED5F00508897 /* AltitudeDataManager.m */,
			);
			path = AltitudeDataManager;
			sourceTree = "<group>";
		};
		5F2C09C61ACBED5F00508897 /* AltitudeDataManagerTests */ = {
			isa = PBXGroup;
			children = (
				5F2C09C71ACBED5F00508897 /* Supporting Files */,
			);
			path = AltitudeDataManagerTests;
			sourceTree = "<group>";
		};
		5F2C09C71ACBED5F00508897 /* Supporting Files */ = {
			isa = PBXGroup;
			children = (
				5F2C09C81ACBED5F00508897 /* Info.plist */,
			);
			name = "Supporting Files";
			sourceTree = "<group>";
		};
		5FC48C521ACBF5BF00D4452A /* Frameworks */ = {
			isa = PBXGroup;
			children = (
				5FC48C531ACBF62500D4452A /* Foundation.framework */,
				5FC48C501ACBF5BA00D4452A /* CoreMotion.framework */,
			);
			name = Frameworks;
			sourceTree = "<group>";
		};
/* End PBXGroup section */

/* Begin PBXNativeTarget section */
		5F2C09B61ACBED5F00508897 /* AltitudeDataManager */ = {
			isa = PBXNativeTarget;
			buildConfigurationList = 5F2C09CB1ACBED5F00508897 /* Build configuration list for PBXNativeTarget "AltitudeDataManager" */;
			buildPhases = (
				5F2C09B31ACBED5F00508897 /* Sources */,
				5F2C09B41ACBED5F00508897 /* Frameworks */,
				5F2C09B51ACBED5F00508897 /* CopyFiles */,
			);
			buildRules = (
			);
			dependencies = (
			);
			name = AltitudeDataManager;
			productName = AltitudeDataManager;
			productReference = 5F2C09B71ACBED5F00508897 /* libAltitudeDataManager.a */;
			productType = "com.apple.product-type.library.static";
		};
		5F2C09C11ACBED5F00508897 /* AltitudeDataManagerTests */ = {
			isa = PBXNativeTarget;
			buildConfigurationList = 5F2C09CE1ACBED5F00508897 /* Build configuration list for PBXNativeTarget "AltitudeDataManagerTests" */;
			buildPhases = (
				5F2C09BE1ACBED5F00508897 /* Sources */,
				5F2C09BF1ACBED5F00508897 /* Frameworks */,
				5F2C09C01ACBED5F00508897 /* Resources */,
			);
			buildRules = (
			);
			dependencies = (
				5F2C09C51ACBED5F00508897 /* PBXTargetDependency */,
			);
			name = AltitudeDataManagerTests;
			productName = AltitudeDataManagerTests;
			productReference = 5F2C09C21ACBED5F00508897 /* AltitudeDataManagerTests.xctest */;
			productType = "com.apple.product-type.bundle.unit-test";
		};
/* End PBXNativeTarget section */

/* Begin PBXProject section */
		5F2C09AF1ACBED5F00508897 /* Project object */ = {
			isa = PBXProject;
			attributes = {
				LastUpgradeCheck = 0620;
				ORGANIZATIONNAME = PabloAlejandro;
				TargetAttributes = {
					5F2C09B61ACBED5F00508897 = {
						CreatedOnToolsVersion = 6.2;
					};
					5F2C09C11ACBED5F00508897 = {
						CreatedOnToolsVersion = 6.2;
					};
				};
			};
			buildConfigurationList = 5F2C09B21ACBED5F00508897 /* Build configuration list for PBXProject "AltitudeDataManager" */;
			compatibilityVersion = "Xcode 3.2";
			developmentRegion = English;
			hasScannedForEncodings = 0;
			knownRegions = (
				en,
			);
			mainGroup = 5F2C09AE1ACBED5F00508897;
			productRefGroup = 5F2C09B81ACBED5F00508897 /* Products */;
			projectDirPath = "";
			projectRoot = "";
			targets = (
				5F2C09B61ACBED5F00508897 /* AltitudeDataManager */,
				5F2C09C11ACBED5F00508897 /* AltitudeDataManagerTests */,
			);
		};
/* End PBXProject section */

/* Begin PBXResourcesBuildPhase section */
		5F2C09C01ACBED5F00508897 /* Resources */ = {
			isa = PBXResourcesBuildPhase;
			buildActionMask = 2147483647;
			files = (
			);
			runOnlyForDeploymentPostprocessing = 0;
		};
/* End PBXResourcesBuildPhase section */

/* Begin PBXSourcesBuildPhase section */
		5F2C09B31ACBED5F00508897 /* Sources */ = {
			isa = PBXSourcesBuildPhase;
			buildActionMask = 2147483647;
			files = (
				5F2C09BD1ACBED5F00508897 /* AltitudeDataManager.m in Sources */,
			);
			runOnlyForDeploymentPostprocessing = 0;
		};
		5F2C09BE1ACBED5F00508897 /* Sources */ = {
			isa = PBXSourcesBuildPhase;
			buildActionMask = 2147483647;
			files = (
			);
			runOnlyForDeploymentPostprocessing = 0;
		};
/* End PBXSourcesBuildPhase section */

/* Begin PBXTargetDependency section */
		5F2C09C51ACBED5F00508897 /* PBXTargetDependency */ = {
			isa = PBXTargetDependency;
			target = 5F2C09B61ACBED5F00508897 /* AltitudeDataManager */;
			targetProxy = 5F2C09C41ACBED5F00508897 /* PBXContainerItemProxy */;
		};
/* End PBXTargetDependency section */

/* Begin XCBuildConfiguration section */
		5F2C09C91ACBED5F00508897 /* Debug */ = {
			isa = XCBuildConfiguration;
			buildSettings = {
				ALWAYS_SEARCH_USER_PATHS = NO;
				CLANG_CXX_LANGUAGE_STANDARD = "gnu++0x";
				CLANG_CXX_LIBRARY = "libc++";
				CLANG_ENABLE_MODULES = YES;
				CLANG_ENABLE_OBJC_ARC = YES;
				CLANG_WARN_BOOL_CONVERSION = YES;
				CLANG_WARN_CONSTANT_CONVERSION = YES;
				CLANG_WARN_DIRECT_OBJC_ISA_USAGE = YES_ERROR;
				CLANG_WARN_EMPTY_BODY = YES;
				CLANG_WARN_ENUM_CONVERSION = YES;
				CLANG_WARN_INT_CONVERSION = YES;
				CLANG_WARN_OBJC_ROOT_CLASS = YES_ERROR;
				CLANG_WARN_UNREACHABLE_CODE = YES;
				CLANG_WARN__DUPLICATE_METHOD_MATCH = YES;
				COPY_PHASE_STRIP = NO;
				ENABLE_STRICT_OBJC_MSGSEND = YES;
				GCC_C_LANGUAGE_STANDARD = gnu99;
				GCC_DYNAMIC_NO_PIC = NO;
				GCC_OPTIMIZATION_LEVEL = 0;
				GCC_PREPROCESSOR_DEFINITIONS = (
					"DEBUG=1",
					"$(inherited)",
				);
				GCC_SYMBOLS_PRIVATE_EXTERN = NO;
				GCC_WARN_64_TO_32_BIT_CONVERSION = YES;
				GCC_WARN_ABOUT_RETURN_TYPE = YES_ERROR;
				GCC_WARN_UNDECLARED_SELECTOR = YES;
				GCC_WARN_UNINITIALIZED_AUTOS = YES_AGGRESSIVE;
				GCC_WARN_UNUSED_FUNCTION = YES;
				GCC_WARN_UNUSED_VARIABLE = YES;
				IPHONEOS_DEPLOYMENT_TARGET = 8.2;
				MTL_ENABLE_DEBUG_INFO = YES;
				ONLY_ACTIVE_ARCH = YES;
				SDKROOT = iphoneos;
			};
			name = Debug;
		};
		5F2C09CA1ACBED5F00508897 /* Release */ = {
			isa = XCBuildConfiguration;
			buildSettings = {
				ALWAYS_SEARCH_USER_PATHS = NO;
				CLANG_CXX_LANGUAGE_STANDARD = "gnu++0x";
				CLANG_CXX_LIBRARY = "libc++";
				CLANG_ENABLE_MODULES = YES;
				CLANG_ENABLE_OBJC_ARC = YES;
				CLANG_WARN_BOOL_CONVERSION = YES;
				CLANG_WARN_CONSTANT_CONVERSION = YES;
				CLANG_WARN_DIRECT_OBJC_ISA_USAGE = YES_ERROR;
				CLANG_WARN_EMPTY_BODY = YES;
				CLANG_WARN_ENUM_CONVERSION = YES;
				CLANG_WARN_INT_CONVERSION = YES;
				CLANG_WARN_OBJC_ROOT_CLASS = YES_ERROR;
				CLANG_WARN_UNREACHABLE_CODE = YES;
				CLANG_WARN__DUPLICATE_METHOD_MATCH = YES;
				COPY_PHASE_STRIP = NO;
				ENABLE_NS_ASSERTIONS = NO;
				ENABLE_STRICT_OBJC_MSGSEND = YES;
				GCC_C_LANGUAGE_STANDARD = gnu99;
				GCC_WARN_64_TO_32_BIT_CONVERSION = YES;
				GCC_WARN_ABOUT_RETURN_TYPE = YES_ERROR;
				GCC_WARN_UNDECLARED_SELECTOR = YES;
				GCC_WARN_UNINITIALIZED_AUTOS = YES_AGGRESSIVE;
				GCC_WARN_UNUSED_FUNCTION = YES;
				GCC_WARN_UNUSED_VARIABLE = YES;
				IPHONEOS_DEPLOYMENT_TARGET = 8.2;
				MTL_ENABLE_DEBUG_INFO = NO;
				SDKROOT = iphoneos;
				VALIDATE_PRODUCT = YES;
			};
			name = Release;
		};
		5F2C09CC1ACBED5F00508897 /* Debug */ = {
			isa = XCBuildConfiguration;
			buildSettings = {
				OTHER_LDFLAGS = "-ObjC";
				PRODUCT_NAME = "$(TARGET_NAME)";
				SKIP_INSTALL = YES;
			};
			name = Debug;
		};
		5F2C09CD1ACBED5F00508897 /* Release */ = {
			isa = XCBuildConfiguration;
			buildSettings = {
				OTHER_LDFLAGS = "-ObjC";
				PRODUCT_NAME = "$(TARGET_NAME)";
				SKIP_INSTALL = YES;
			};
			name = Release;
		};
		5F2C09CF1ACBED5F00508897 /* Debug */ = {
			isa = XCBuildConfiguration;
			buildSettings = {
				FRAMEWORK_SEARCH_PATHS = (
					"$(SDKROOT)/Developer/Library/Frameworks",
					"$(inherited)",
				);
				GCC_PREPROCESSOR_DEFINITIONS = (
					"DEBUG=1",
					"$(inherited)",
				);
				INFOPLIST_FILE = AltitudeDataManagerTests/Info.plist;
				LD_RUNPATH_SEARCH_PATHS = "$(inherited) @executable_path/Frameworks @loader_path/Frameworks";
				PRODUCT_NAME = "$(TARGET_NAME)";
			};
			name = Debug;
		};
		5F2C09D01ACBED5F00508897 /* Release */ = {
			isa = XCBuildConfiguration;
			buildSettings = {
				FRAMEWORK_SEARCH_PATHS = (
					"$(SDKROOT)/Developer/Library/Frameworks",
					"$(inherited)",
				);
				INFOPLIST_FILE = AltitudeDataManagerTests/Info.plist;
				LD_RUNPATH_SEARCH_PATHS = "$(inherited) @executable_path/Frameworks @loader_path/Frameworks";
				PRODUCT_NAME = "$(TARGET_NAME)";
			};
			name = Release;
		};
/* End XCBuildConfiguration section */

/* Begin XCConfigurationList section */
		5F2C09B21ACBED5F00508897 /* Build configuration list for PBXProject "AltitudeDataManager" */ = {
			isa = XCConfigurationList;
			buildConfigurations = (
				5F2C09C91ACBED5F00508897 /* Debug */,
				5F2C09CA1ACBED5F00508897 /* Release */,
			);
			defaultConfigurationIsVisible = 0;
			defaultConfigurationName = Release;
		};
		5F2C09CB1ACBED5F00508897 /* Build configuration list for PBXNativeTarget "AltitudeDataManager" */ = {
			isa = XCConfigurationList;
			buildConfigurations = (
				5F2C09CC1ACBED5F00508897 /* Debug */,
				5F2C09CD1ACBED5F00508897 /* Release */,
			);
			defaultConfigurationIsVisible = 0;
			defaultConfigurationName = Release;
		};
		5F2C09CE1ACBED5F00508897 /* Build configuration list for PBXNativeTarget "AltitudeDataManagerTests" */ = {
			isa = XCConfigurationList;
			buildConfigurations = (
				5F2C09CF1ACBED5F00508897 /* Debug */,
				5F2C09D01ACBED5F00508897 /* Release */,
			);
			defaultConfigurationIsVisible = 0;
			defaultConfigurationName = Release;
		};
/* End XCConfigurationList section */
	};
	rootObject = 5F2C09AF1ACBED5F00508897 /* Project object */;
}
